
Microsoft Visual Studio Solution File, Format Version 12.00
# Visual Studio Version 16
VisualStudioVersion = 16.0.30907.101
MinimumVisualStudioVersion = 10.0.40219.1
Project("{2150E333-8FDC-42A3-9474-1A3956D46DE8}") = "src", "src", "{05B931A9-6860-4F67-9D8B-22D198D8808C}"
EndProject
Project("{2150E333-8FDC-42A3-9474-1A3956D46DE8}") = "Presentations", "Presentations", "{FB5022B8-D3ED-429C-96D9-9DA5CC2D7D42}"
EndProject
Project("{2150E333-8FDC-42A3-9474-1A3956D46DE8}") = "Libraries", "Libraries", "{E703B9C3-7DC1-4701-A558-0D066DCDE9B8}"
EndProject
Project("{FAE04EC0-301F-11D3-BF4B-00C04F79EFBC}") = "Core", "src\Libraries\Core\Core.csproj", "{609AB250-CBED-4DCA-8990-4294BDACDF22}"
EndProject
Project("{FAE04EC0-301F-11D3-BF4B-00C04F79EFBC}") = "Data", "src\Libraries\Data\Data.csproj", "{A8D5FBC7-F516-482A-9016-477FF58BCCAC}"
EndProject
Project("{FAE04EC0-301F-11D3-BF4B-00C04F79EFBC}") = "Models", "src\Libraries\Models\Models.csproj", "{ABB9BAF3-6B11-4602-BA69-C516597B2EC8}"
EndProject
Project("{FAE04EC0-301F-11D3-BF4B-00C04F79EFBC}") = "Identity", "src\Libraries\Identity\Identity.csproj", "{0EBDB430-86CD-426B-A2DE-E67102344983}"
EndProject
Project("{FAE04EC0-301F-11D3-BF4B-00C04F79EFBC}") = "Services", "src\Libraries\Services\Services.csproj", "{0E70DFEB-98ED-4935-921C-6F469B0B5874}"
EndProject
Project("{FAE04EC0-301F-11D3-BF4B-00C04F79EFBC}") = "Caching", "src\Libraries\Caching\Caching.csproj", "{F443E671-965A-4103-9FA6-93DC1F49A9E7}"
EndProject
Project("{FAE04EC0-301F-11D3-BF4B-00C04F79EFBC}") = "WebApp", "src\Presentations\WebApp\WebApp.csproj", "{65CC4378-5B8A-4D21-9216-150D7379F2D9}"
EndProject
Project("{FAE04EC0-301F-11D3-BF4B-00C04F79EFBC}") = "WebApi", "src\Presentations\WebApi\WebApi.csproj", "{C5163342-FE09-4976-B9B8-99F53536DEDC}"
EndProject
Global
	GlobalSection(SolutionConfigurationPlatforms) = preSolution
		Debug|Any CPU = Debug|Any CPU
		Release|Any CPU = Release|Any CPU
	EndGlobalSection
	GlobalSection(ProjectConfigurationPlatforms) = postSolution
		{609AB250-CBED-4DCA-8990-4294BDACDF22}.Debug|Any CPU.ActiveCfg = Debug|Any CPU
		{609AB250-CBED-4DCA-8990-4294BDACDF22}.Debug|Any CPU.Build.0 = Debug|Any CPU
		{609AB250-CBED-4DCA-8990-4294BDACDF22}.Release|Any CPU.ActiveCfg = Release|Any CPU
		{609AB250-CBED-4DCA-8990-4294BDACDF22}.Release|Any CPU.Build.0 = Release|Any CPU
		{A8D5FBC7-F516-482A-9016-477FF58BCCAC}.Debug|Any CPU.ActiveCfg = Debug|Any CPU
		{A8D5FBC7-F516-482A-9016-477FF58BCCAC}.Debug|Any CPU.Build.0 = Debug|Any CPU
		{A8D5FBC7-F516-482A-9016-477FF58BCCAC}.Release|Any CPU.ActiveCfg = Release|Any CPU
		{A8D5FBC7-F516-482A-9016-477FF58BCCAC}.Release|Any CPU.Build.0 = Release|Any CPU
		{ABB9BAF3-6B11-4602-BA69-C516597B2EC8}.Debug|Any CPU.ActiveCfg = Debug|Any CPU
		{ABB9BAF3-6B11-4602-BA69-C516597B2EC8}.Debug|Any CPU.Build.0 = Debug|Any CPU
		{ABB9BAF3-6B11-4602-BA69-C516597B2EC8}.Release|Any CPU.ActiveCfg = Release|Any CPU
		{ABB9BAF3-6B11-4602-BA69-C516597B2EC8}.Release|Any CPU.Build.0 = Release|Any CPU
		{0EBDB430-86CD-426B-A2DE-E67102344983}.Debug|Any CPU.ActiveCfg = Debug|Any CPU
		{0EBDB430-86CD-426B-A2DE-E67102344983}.Debug|Any CPU.Build.0 = Debug|Any CPU
		{0EBDB430-86CD-426B-A2DE-E67102344983}.Release|Any CPU.ActiveCfg = Release|Any CPU
		{0EBDB430-86CD-426B-A2DE-E67102344983}.Release|Any CPU.Build.0 = Release|Any CPU
		{0E70DFEB-98ED-4935-921C-6F469B0B5874}.Debug|Any CPU.ActiveCfg = Debug|Any CPU
		{0E70DFEB-98ED-4935-921C-6F469B0B5874}.Debug|Any CPU.Build.0 = Debug|Any CPU
		{0E70DFEB-98ED-4935-921C-6F469B0B5874}.Release|Any CPU.ActiveCfg = Release|Any CPU
		{0E70DFEB-98ED-4935-921C-6F469B0B5874}.Release|Any CPU.Build.0 = Release|Any CPU
		{F443E671-965A-4103-9FA6-93DC1F49A9E7}.Debug|Any CPU.ActiveCfg = Debug|Any CPU
		{F443E671-965A-4103-9FA6-93DC1F49A9E7}.Debug|Any CPU.Build.0 = Debug|Any CPU
		{F443E671-965A-4103-9FA6-93DC1F49A9E7}.Release|Any CPU.ActiveCfg = Release|Any CPU
		{F443E671-965A-4103-9FA6-93DC1F49A9E7}.Release|Any CPU.Build.0 = Release|Any CPU
		{65CC4378-5B8A-4D21-9216-150D7379F2D9}.Debug|Any CPU.ActiveCfg = Debug|Any CPU
		{65CC4378-5B8A-4D21-9216-150D7379F2D9}.Debug|Any CPU.Build.0 = Debug|Any CPU
		{65CC4378-5B8A-4D21-9216-150D7379F2D9}.Release|Any CPU.ActiveCfg = Release|Any CPU
		{65CC4378-5B8A-4D21-9216-150D7379F2D9}.Release|Any CPU.Build.0 = Release|Any CPU
		{C5163342-FE09-4976-B9B8-99F53536DEDC}.Debug|Any CPU.ActiveCfg = Debug|Any CPU
		{C5163342-FE09-4976-B9B8-99F53536DEDC}.Debug|Any CPU.Build.0 = Debug|Any CPU
		{C5163342-FE09-4976-B9B8-99F53536DEDC}.Release|Any CPU.ActiveCfg = Release|Any CPU
		{C5163342-FE09-4976-B9B8-99F53536DEDC}.Release|Any CPU.Build.0 = Release|Any CPU
	EndGlobalSection
	GlobalSection(SolutionProperties) = preSolution
		HideSolutionNode = FALSE
	EndGlobalSection
	GlobalSection(NestedProjects) = preSolution
		{FB5022B8-D3ED-429C-96D9-9DA5CC2D7D42} = {05B931A9-6860-4F67-9D8B-22D198D8808C}
		{E703B9C3-7DC1-4701-A558-0D066DCDE9B8} = {05B931A9-6860-4F67-9D8B-22D198D8808C}
		{609AB250-CBED-4DCA-8990-4294BDACDF22} = {E703B9C3-7DC1-4701-A558-0D066DCDE9B8}
		{A8D5FBC7-F516-482A-9016-477FF58BCCAC} = {E703B9C3-7DC1-4701-A558-0D066DCDE9B8}
		{ABB9BAF3-6B11-4602-BA69-C516597B2EC8} = {E703B9C3-7DC1-4701-A558-0D066DCDE9B8}
		{0EBDB430-86CD-426B-A2DE-E67102344983} = {E703B9C3-7DC1-4701-A558-0D066DCDE9B8}
		{0E70DFEB-98ED-4935-921C-6F469B0B5874} = {E703B9C3-7DC1-4701-A558-0D066DCDE9B8}
		{F443E671-965A-4103-9FA6-93DC1F49A9E7} = {E703B9C3-7DC1-4701-A558-0D066DCDE9B8}
		{65CC4378-5B8A-4D21-9216-150D7379F2D9} = {FB5022B8-D3ED-429C-96D9-9DA5CC2D7D42}
		{C5163342-FE09-4976-B9B8-99F53536DEDC} = {FB5022B8-D3ED-429C-96D9-9DA5CC2D7D42}
	EndGlobalSection
	GlobalSection(ExtensibilityGlobals) = postSolution
		SolutionGuid = {223B4829-7975-4E20-9D6F-E86020D5A468}
	EndGlobalSection
EndGlobal
